{
  "nodes": {
    "nixpkgs": {
      "locked": {
        "lastModified": 1651465749,
        "narHash": "sha256-wtZSv+kwiJ4/dtpEOVxLvLy9S1EWEZ3B1J4rtduhWKs=",
        "owner": "nixos",
        "repo": "nixpkgs",
        "rev": "a065c79856199033261226eee0f0a6502af8c8a2",
        "type": "github"
      },
      "original": {
        "owner": "nixos",
        "ref": "master",
        "repo": "nixpkgs",
        "type": "github"
      }
    },
    "root": {
      "inputs": {
        "nixpkgs": "nixpkgs"
      }
    }
  },
  "root": "root",
  "version": 7
}
